
Microsoft Visual Studio Solution File, Format Version 12.00
# Visual Studio 15
VisualStudioVersion = 15.0.27703.2000
MinimumVisualStudioVersion = 10.0.40219.1
Project("{FAE04EC0-301F-11D3-BF4B-00C04F79EFBC}") = "zOrder.OMS", "zOrder.OMS\zOrder.OMS.csproj", "{232D5E23-BA85-4EFC-AD8B-A5AC555B8360}"
EndProject
Global
	GlobalSection(SolutionConfigurationPlatforms) = preSolution
		Debug|Any CPU = Debug|Any CPU
		Release|Any CPU = Release|Any CPU
	EndGlobalSection
	GlobalSection(ProjectConfigurationPlatforms) = postSolution
		{232D5E23-BA85-4EFC-AD8B-A5AC555B8360}.Debug|Any CPU.ActiveCfg = Debug|Any CPU
		{232D5E23-BA85-4EFC-AD8B-A5AC555B8360}.Debug|Any CPU.Build.0 = Debug|Any CPU
		{232D5E23-BA85-4EFC-AD8B-A5AC555B8360}.Release|Any CPU.ActiveCfg = Release|Any CPU
		{232D5E23-BA85-4EFC-AD8B-A5AC555B8360}.Release|Any CPU.Build.0 = Release|Any CPU
	EndGlobalSection
	GlobalSection(SolutionProperties) = preSolution
		HideSolutionNode = FALSE
	EndGlobalSection
	GlobalSection(ExtensibilityGlobals) = postSolution
		SolutionGuid = {2686627F-01CE-4822-9F7B-5A524A6B9D14}
	EndGlobalSection
EndGlobal
